
Microsoft Visual Studio Solution File, Format Version 12.00
# Visual Studio 15
VisualStudioVersion = 15.0.27703.2000
MinimumVisualStudioVersion = 10.0.40219.1
Project("{FAE04EC0-301F-11D3-BF4B-00C04F79EFBC}") = "Coupling", "Coupling\Coupling.csproj", "{5840B729-3744-42D4-A783-FE2573EF5634}"
EndProject
Global
	GlobalSection(SolutionConfigurationPlatforms) = preSolution
		Debug|Any CPU = Debug|Any CPU
		Release|Any CPU = Release|Any CPU
	EndGlobalSection
	GlobalSection(ProjectConfigurationPlatforms) = postSolution
		{5840B729-3744-42D4-A783-FE2573EF5634}.Debug|Any CPU.ActiveCfg = Debug|Any CPU
		{5840B729-3744-42D4-A783-FE2573EF5634}.Debug|Any CPU.Build.0 = Debug|Any CPU
		{5840B729-3744-42D4-A783-FE2573EF5634}.Release|Any CPU.ActiveCfg = Release|Any CPU
		{5840B729-3744-42D4-A783-FE2573EF5634}.Release|Any CPU.Build.0 = Release|Any CPU
	EndGlobalSection
	GlobalSection(SolutionProperties) = preSolution
		HideSolutionNode = FALSE
	EndGlobalSection
	GlobalSection(ExtensibilityGlobals) = postSolution
		SolutionGuid = {E2BC81D8-61CF-4080-B23B-F10997ED2727}
	EndGlobalSection
EndGlobal
