
Microsoft Visual Studio Solution File, Format Version 12.00
# Visual Studio 15
VisualStudioVersion = 15.0.27703.2000
MinimumVisualStudioVersion = 10.0.40219.1
Project("{9A19103F-16F7-4668-BE54-9A1E7A4F7556}") = "Coupling", "Coupling\Coupling.csproj", "{5840B729-3744-42D4-A783-FE2573EF5634}"
EndProject
Project("{9A19103F-16F7-4668-BE54-9A1E7A4F7556}") = "Cohesion", "Cohesion\Cohesion.csproj", "{ADE62D6F-BBAC-497A-A62A-881929110A9F}"
EndProject
Project("{9A19103F-16F7-4668-BE54-9A1E7A4F7556}") = "OpenClosed", "OpenClosed\OpenClosed.csproj", "{E3FFF782-F82C-4B2A-AC88-340377A629ED}"
EndProject
Project("{9A19103F-16F7-4668-BE54-9A1E7A4F7556}") = "DependencyInversion", "DependencyInversion\DependencyInversion.csproj", "{178972C7-C256-4E04-8136-9C4A1AAA80B6}"
EndProject
Project("{9A19103F-16F7-4668-BE54-9A1E7A4F7556}") = "DependencyInversion.UnitTests", "DependencyInversion.UnitTests\DependencyInversion.UnitTests.csproj", "{EB76C3D0-7101-4C45-B13D-336D9DEAD7DF}"
EndProject
Project("{9A19103F-16F7-4668-BE54-9A1E7A4F7556}") = "InformationHiding", "InformationHiding\InformationHiding.csproj", "{99C31B02-03CB-4500-97FE-4976A1229E91}"
EndProject
Project("{9A19103F-16F7-4668-BE54-9A1E7A4F7556}") = "InformationHiding.UnitTests", "InformationHiding.UnitTests\InformationHiding.UnitTests.csproj", "{03DBC08F-EC4B-43A9-B8F5-16FEA9EE8670}"
EndProject
Project("{FAE04EC0-301F-11D3-BF4B-00C04F79EFBC}") = "Modularization", "Modularization\Modularization.csproj", "{86AF3EDD-EF23-4406-92D9-17C288CFB15F}"
EndProject
Project("{FAE04EC0-301F-11D3-BF4B-00C04F79EFBC}") = "Modularization.UnitTests", "Modularization.UnitTests\Modularization.UnitTests.csproj", "{1A115AA8-A337-4945-850D-9B530A2038D4}"
EndProject
Global
	GlobalSection(SolutionConfigurationPlatforms) = preSolution
		Debug|Any CPU = Debug|Any CPU
		Release|Any CPU = Release|Any CPU
	EndGlobalSection
	GlobalSection(ProjectConfigurationPlatforms) = postSolution
		{5840B729-3744-42D4-A783-FE2573EF5634}.Debug|Any CPU.ActiveCfg = Debug|Any CPU
		{5840B729-3744-42D4-A783-FE2573EF5634}.Debug|Any CPU.Build.0 = Debug|Any CPU
		{5840B729-3744-42D4-A783-FE2573EF5634}.Release|Any CPU.ActiveCfg = Release|Any CPU
		{5840B729-3744-42D4-A783-FE2573EF5634}.Release|Any CPU.Build.0 = Release|Any CPU
		{ADE62D6F-BBAC-497A-A62A-881929110A9F}.Debug|Any CPU.ActiveCfg = Debug|Any CPU
		{ADE62D6F-BBAC-497A-A62A-881929110A9F}.Debug|Any CPU.Build.0 = Debug|Any CPU
		{ADE62D6F-BBAC-497A-A62A-881929110A9F}.Release|Any CPU.ActiveCfg = Release|Any CPU
		{ADE62D6F-BBAC-497A-A62A-881929110A9F}.Release|Any CPU.Build.0 = Release|Any CPU
		{E3FFF782-F82C-4B2A-AC88-340377A629ED}.Debug|Any CPU.ActiveCfg = Debug|Any CPU
		{E3FFF782-F82C-4B2A-AC88-340377A629ED}.Debug|Any CPU.Build.0 = Debug|Any CPU
		{E3FFF782-F82C-4B2A-AC88-340377A629ED}.Release|Any CPU.ActiveCfg = Release|Any CPU
		{E3FFF782-F82C-4B2A-AC88-340377A629ED}.Release|Any CPU.Build.0 = Release|Any CPU
		{178972C7-C256-4E04-8136-9C4A1AAA80B6}.Debug|Any CPU.ActiveCfg = Debug|Any CPU
		{178972C7-C256-4E04-8136-9C4A1AAA80B6}.Debug|Any CPU.Build.0 = Debug|Any CPU
		{178972C7-C256-4E04-8136-9C4A1AAA80B6}.Release|Any CPU.ActiveCfg = Release|Any CPU
		{178972C7-C256-4E04-8136-9C4A1AAA80B6}.Release|Any CPU.Build.0 = Release|Any CPU
		{EB76C3D0-7101-4C45-B13D-336D9DEAD7DF}.Debug|Any CPU.ActiveCfg = Debug|Any CPU
		{EB76C3D0-7101-4C45-B13D-336D9DEAD7DF}.Debug|Any CPU.Build.0 = Debug|Any CPU
		{EB76C3D0-7101-4C45-B13D-336D9DEAD7DF}.Release|Any CPU.ActiveCfg = Release|Any CPU
		{EB76C3D0-7101-4C45-B13D-336D9DEAD7DF}.Release|Any CPU.Build.0 = Release|Any CPU
		{99C31B02-03CB-4500-97FE-4976A1229E91}.Debug|Any CPU.ActiveCfg = Debug|Any CPU
		{99C31B02-03CB-4500-97FE-4976A1229E91}.Debug|Any CPU.Build.0 = Debug|Any CPU
		{99C31B02-03CB-4500-97FE-4976A1229E91}.Release|Any CPU.ActiveCfg = Release|Any CPU
		{99C31B02-03CB-4500-97FE-4976A1229E91}.Release|Any CPU.Build.0 = Release|Any CPU
		{03DBC08F-EC4B-43A9-B8F5-16FEA9EE8670}.Debug|Any CPU.ActiveCfg = Debug|Any CPU
		{03DBC08F-EC4B-43A9-B8F5-16FEA9EE8670}.Debug|Any CPU.Build.0 = Debug|Any CPU
		{03DBC08F-EC4B-43A9-B8F5-16FEA9EE8670}.Release|Any CPU.ActiveCfg = Release|Any CPU
		{03DBC08F-EC4B-43A9-B8F5-16FEA9EE8670}.Release|Any CPU.Build.0 = Release|Any CPU
		{86AF3EDD-EF23-4406-92D9-17C288CFB15F}.Debug|Any CPU.ActiveCfg = Debug|Any CPU
		{86AF3EDD-EF23-4406-92D9-17C288CFB15F}.Debug|Any CPU.Build.0 = Debug|Any CPU
		{86AF3EDD-EF23-4406-92D9-17C288CFB15F}.Release|Any CPU.ActiveCfg = Release|Any CPU
		{86AF3EDD-EF23-4406-92D9-17C288CFB15F}.Release|Any CPU.Build.0 = Release|Any CPU
		{1A115AA8-A337-4945-850D-9B530A2038D4}.Debug|Any CPU.ActiveCfg = Debug|Any CPU
		{1A115AA8-A337-4945-850D-9B530A2038D4}.Debug|Any CPU.Build.0 = Debug|Any CPU
		{1A115AA8-A337-4945-850D-9B530A2038D4}.Release|Any CPU.ActiveCfg = Release|Any CPU
		{1A115AA8-A337-4945-850D-9B530A2038D4}.Release|Any CPU.Build.0 = Release|Any CPU
	EndGlobalSection
	GlobalSection(SolutionProperties) = preSolution
		HideSolutionNode = FALSE
	EndGlobalSection
	GlobalSection(ExtensibilityGlobals) = postSolution
		SolutionGuid = {E2BC81D8-61CF-4080-B23B-F10997ED2727}
	EndGlobalSection
EndGlobal
